
Microsoft Visual Studio Solution File, Format Version 12.00
# Visual Studio Version 17
VisualStudioVersion = 17.9.34714.143
MinimumVisualStudioVersion = 10.0.40219.1
Project("{FAE04EC0-301F-11D3-BF4B-00C04F79EFBC}") = "Ajuda", "Ajuda.csproj", "{9721B7CF-8A3E-4631-B883-446BF13E6891}"
EndProject
Global
	GlobalSection(SolutionConfigurationPlatforms) = preSolution
		Debug|Any CPU = Debug|Any CPU
		Release|Any CPU = Release|Any CPU
	EndGlobalSection
	GlobalSection(ProjectConfigurationPlatforms) = postSolution
		{9721B7CF-8A3E-4631-B883-446BF13E6891}.Debug|Any CPU.ActiveCfg = Debug|Any CPU
		{9721B7CF-8A3E-4631-B883-446BF13E6891}.Debug|Any CPU.Build.0 = Debug|Any CPU
		{9721B7CF-8A3E-4631-B883-446BF13E6891}.Release|Any CPU.ActiveCfg = Release|Any CPU
		{9721B7CF-8A3E-4631-B883-446BF13E6891}.Release|Any CPU.Build.0 = Release|Any CPU
	EndGlobalSection
	GlobalSection(SolutionProperties) = preSolution
		HideSolutionNode = FALSE
	EndGlobalSection
	GlobalSection(ExtensibilityGlobals) = postSolution
		SolutionGuid = {F19ACB95-74E2-4396-882B-DBCC1E2F0DB3}
	EndGlobalSection
EndGlobal
