
Microsoft Visual Studio Solution File, Format Version 12.00
# Visual Studio Version 17
VisualStudioVersion = 17.9.34714.143
MinimumVisualStudioVersion = 10.0.40219.1
Project("{9A19103F-16F7-4668-BE54-9A1E7A4F7556}") = "Aplicação ToDo.IT", "Aplicação ToDo.IT\Aplicação ToDo.IT.csproj", "{1B46C73C-CCD2-44B3-8E29-25D7BF5048CD}"
EndProject
Global
	GlobalSection(SolutionConfigurationPlatforms) = preSolution
		Debug|Any CPU = Debug|Any CPU
		Release|Any CPU = Release|Any CPU
	EndGlobalSection
	GlobalSection(ProjectConfigurationPlatforms) = postSolution
		{1B46C73C-CCD2-44B3-8E29-25D7BF5048CD}.Debug|Any CPU.ActiveCfg = Debug|Any CPU
		{1B46C73C-CCD2-44B3-8E29-25D7BF5048CD}.Debug|Any CPU.Build.0 = Debug|Any CPU
		{1B46C73C-CCD2-44B3-8E29-25D7BF5048CD}.Release|Any CPU.ActiveCfg = Release|Any CPU
		{1B46C73C-CCD2-44B3-8E29-25D7BF5048CD}.Release|Any CPU.Build.0 = Release|Any CPU
	EndGlobalSection
	GlobalSection(SolutionProperties) = preSolution
		HideSolutionNode = FALSE
	EndGlobalSection
	GlobalSection(ExtensibilityGlobals) = postSolution
		SolutionGuid = {2D3116DC-CE21-4E78-9822-98A4D6DF5C67}
	EndGlobalSection
EndGlobal
